<?xml version="1.0" encoding="utf-8"?>
<Project ToolsVersion="4.0" xmlns="http://schemas.microsoft.com/developer/msbuild/2003">
  <ItemGroup>
    <Filter Include="Pixelize">
      <UniqueIdentifier>{8F793402-7B46-8F0D-A45F-7DB5908BC49B}</UniqueIdentifier>
    </Filter>
    <Filter Include="Pixelize\Events">
      <UniqueIdentifier>{93EE8DE1-FF79-FBA5-088B-7E9A749557A6}</UniqueIdentifier>
    </Filter>
  </ItemGroup>
  <ItemGroup>
    <ClInclude Include="src\Pixelize.h" />
    <ClInclude Include="src\Pixelize\Application.h">
      <Filter>Pixelize</Filter>
    </ClInclude>
    <ClInclude Include="src\Pixelize\Core.h">
      <Filter>Pixelize</Filter>
    </ClInclude>
    <ClInclude Include="src\Pixelize\Entry.h">
      <Filter>Pixelize</Filter>
    </ClInclude>
    <ClInclude Include="src\Pixelize\Events\ApplicationEvent.h">
      <Filter>Pixelize\Events</Filter>
    </ClInclude>
    <ClInclude Include="src\Pixelize\Events\Event.h">
      <Filter>Pixelize\Events</Filter>
    </ClInclude>
    <ClInclude Include="src\Pixelize\Events\KeyEvent.h">
      <Filter>Pixelize\Events</Filter>
    </ClInclude>
    <ClInclude Include="src\Pixelize\Events\MouseEvent.h">
      <Filter>Pixelize\Events</Filter>
    </ClInclude>
    <ClInclude Include="src\Pixelize\Log.h">
      <Filter>Pixelize</Filter>
    </ClInclude>
    <ClInclude Include="src\plpch.h" />
  </ItemGroup>
  <ItemGroup>
    <ClCompile Include="src\Pixelize\Application.cpp">
      <Filter>Pixelize</Filter>
    </ClCompile>
    <ClCompile Include="src\Pixelize\Log.cpp">
      <Filter>Pixelize</Filter>
    </ClCompile>
    <ClCompile Include="src\plpch.cpp" />
  </ItemGroup>
</Project>