<?xml version="1.0" encoding="utf-8"?>
<Project ToolsVersion="4.0" xmlns="http://schemas.microsoft.com/developer/msbuild/2003">
  <ItemGroup>
    <Filter Include="Pixelize">
      <UniqueIdentifier>{8F793402-7B46-8F0D-A45F-7DB5908BC49B}</UniqueIdentifier>
    </Filter>
    <Filter Include="Pixelize\Events">
      <UniqueIdentifier>{93EE8DE1-FF79-FBA5-088B-7E9A749557A6}</UniqueIdentifier>
    </Filter>
    <Filter Include="Pixelize\ImGui">
      <UniqueIdentifier>{F99DBB92-E56B-AF98-CEFF-1FBFBA6C8BFD}</UniqueIdentifier>
    </Filter>
    <Filter Include="Platform">
      <UniqueIdentifier>{2AC788B4-1694-E3BF-3FAD-D1672BD9184E}</UniqueIdentifier>
    </Filter>
    <Filter Include="Platform\OpenGL">
      <UniqueIdentifier>{1E7D2C1D-8A08-9AE1-9319-1DD6FF23F6E1}</UniqueIdentifier>
    </Filter>
    <Filter Include="Platform\Windows">
      <UniqueIdentifier>{64FBD71A-50F4-F66C-7926-DCF1657ED678}</UniqueIdentifier>
    </Filter>
  </ItemGroup>
  <ItemGroup>
    <ClInclude Include="src\Pixelize.h" />
    <ClInclude Include="src\Pixelize\Application.h">
      <Filter>Pixelize</Filter>
    </ClInclude>
    <ClInclude Include="src\Pixelize\Core.h">
      <Filter>Pixelize</Filter>
    </ClInclude>
    <ClInclude Include="src\Pixelize\Entry.h">
      <Filter>Pixelize</Filter>
    </ClInclude>
    <ClInclude Include="src\Pixelize\Events\ApplicationEvent.h">
      <Filter>Pixelize\Events</Filter>
    </ClInclude>
    <ClInclude Include="src\Pixelize\Events\Event.h">
      <Filter>Pixelize\Events</Filter>
    </ClInclude>
    <ClInclude Include="src\Pixelize\Events\KeyEvent.h">
      <Filter>Pixelize\Events</Filter>
    </ClInclude>
    <ClInclude Include="src\Pixelize\Events\MouseEvent.h">
      <Filter>Pixelize\Events</Filter>
    </ClInclude>
    <ClInclude Include="src\Pixelize\ImGui\ImGuiLayer.h">
      <Filter>Pixelize\ImGui</Filter>
    </ClInclude>
    <ClInclude Include="src\Pixelize\Layer.h">
      <Filter>Pixelize</Filter>
    </ClInclude>
    <ClInclude Include="src\Pixelize\LayerStack.h">
      <Filter>Pixelize</Filter>
    </ClInclude>
    <ClInclude Include="src\Pixelize\Log.h">
      <Filter>Pixelize</Filter>
    </ClInclude>
    <ClInclude Include="src\Pixelize\Window.h">
      <Filter>Pixelize</Filter>
    </ClInclude>
    <ClInclude Include="src\Platform\OpenGL\ImGuiOpenGLRenderer.h">
      <Filter>Platform\OpenGL</Filter>
    </ClInclude>
    <ClInclude Include="src\Platform\Windows\WindowsWindow.h">
      <Filter>Platform\Windows</Filter>
    </ClInclude>
    <ClInclude Include="src\plpch.h" />
    <ClInclude Include="src\Pixelize\Input.h" />
    <ClInclude Include="src\Platform\Windows\WindowsInput.h" />
    <ClInclude Include="src\Pixelize\KeyCodes.h" />
    <ClInclude Include="src\Pixelize\MouseButtonCodes.h" />
  </ItemGroup>
  <ItemGroup>
    <ClCompile Include="src\Pixelize\Application.cpp">
      <Filter>Pixelize</Filter>
    </ClCompile>
    <ClCompile Include="src\Pixelize\ImGui\ImGuiLayer.cpp">
      <Filter>Pixelize\ImGui</Filter>
    </ClCompile>
    <ClCompile Include="src\Pixelize\Layer.cpp">
      <Filter>Pixelize</Filter>
    </ClCompile>
    <ClCompile Include="src\Pixelize\LayerStack.cpp">
      <Filter>Pixelize</Filter>
    </ClCompile>
    <ClCompile Include="src\Pixelize\Log.cpp">
      <Filter>Pixelize</Filter>
    </ClCompile>
    <ClCompile Include="src\Platform\OpenGL\ImGuiOpenGLRenderer.cpp">
      <Filter>Platform\OpenGL</Filter>
    </ClCompile>
    <ClCompile Include="src\Platform\Windows\WindowsWindow.cpp">
      <Filter>Platform\Windows</Filter>
    </ClCompile>
    <ClCompile Include="src\plpch.cpp" />
    <ClCompile Include="src\Platform\Windows\WindowsInput.cpp" />
  </ItemGroup>
</Project>